
Microsoft Visual Studio Solution File, Format Version 12.00
# Visual Studio 15
VisualStudioVersion = 15.0.27130.2010
MinimumVisualStudioVersion = 10.0.40219.1
Project("{FAE04EC0-301F-11D3-BF4B-00C04F79EFBC}") = "SPWebParts", "SPWebParts\SPWebParts.csproj", "{D501C13E-DF0C-4F94-962E-E1F98B078B07}"
EndProject
Project("{FAE04EC0-301F-11D3-BF4B-00C04F79EFBC}") = "ServicesDeptTabs", "ServicesDeptTabs\ServicesDeptTabs.csproj", "{27ACDA13-1540-465E-84CD-6C9E08325A9D}"
EndProject
Project("{FAE04EC0-301F-11D3-BF4B-00C04F79EFBC}") = "EPM", "EPM\EPM.csproj", "{E2C10B67-68AD-487D-B993-C179F0DA57C9}"
EndProject
Global
	GlobalSection(SolutionConfigurationPlatforms) = preSolution
		Debug|Any CPU = Debug|Any CPU
		Release|Any CPU = Release|Any CPU
	EndGlobalSection
	GlobalSection(ProjectConfigurationPlatforms) = postSolution
		{D501C13E-DF0C-4F94-962E-E1F98B078B07}.Debug|Any CPU.ActiveCfg = Debug|Any CPU
		{D501C13E-DF0C-4F94-962E-E1F98B078B07}.Debug|Any CPU.Build.0 = Debug|Any CPU
		{D501C13E-DF0C-4F94-962E-E1F98B078B07}.Debug|Any CPU.Deploy.0 = Debug|Any CPU
		{D501C13E-DF0C-4F94-962E-E1F98B078B07}.Release|Any CPU.ActiveCfg = Release|Any CPU
		{D501C13E-DF0C-4F94-962E-E1F98B078B07}.Release|Any CPU.Build.0 = Release|Any CPU
		{D501C13E-DF0C-4F94-962E-E1F98B078B07}.Release|Any CPU.Deploy.0 = Release|Any CPU
		{27ACDA13-1540-465E-84CD-6C9E08325A9D}.Debug|Any CPU.ActiveCfg = Debug|Any CPU
		{27ACDA13-1540-465E-84CD-6C9E08325A9D}.Debug|Any CPU.Build.0 = Debug|Any CPU
		{27ACDA13-1540-465E-84CD-6C9E08325A9D}.Debug|Any CPU.Deploy.0 = Debug|Any CPU
		{27ACDA13-1540-465E-84CD-6C9E08325A9D}.Release|Any CPU.ActiveCfg = Release|Any CPU
		{27ACDA13-1540-465E-84CD-6C9E08325A9D}.Release|Any CPU.Build.0 = Release|Any CPU
		{27ACDA13-1540-465E-84CD-6C9E08325A9D}.Release|Any CPU.Deploy.0 = Release|Any CPU
		{E2C10B67-68AD-487D-B993-C179F0DA57C9}.Debug|Any CPU.ActiveCfg = Debug|Any CPU
		{E2C10B67-68AD-487D-B993-C179F0DA57C9}.Debug|Any CPU.Build.0 = Debug|Any CPU
		{E2C10B67-68AD-487D-B993-C179F0DA57C9}.Debug|Any CPU.Deploy.0 = Debug|Any CPU
		{E2C10B67-68AD-487D-B993-C179F0DA57C9}.Release|Any CPU.ActiveCfg = Release|Any CPU
		{E2C10B67-68AD-487D-B993-C179F0DA57C9}.Release|Any CPU.Build.0 = Release|Any CPU
		{E2C10B67-68AD-487D-B993-C179F0DA57C9}.Release|Any CPU.Deploy.0 = Release|Any CPU
	EndGlobalSection
	GlobalSection(SolutionProperties) = preSolution
		HideSolutionNode = FALSE
	EndGlobalSection
	GlobalSection(ExtensibilityGlobals) = postSolution
		SolutionGuid = {44FB6A04-E515-4356-8211-F47BA06F3187}
	EndGlobalSection
EndGlobal
